
Microsoft Visual Studio Solution File, Format Version 12.00
# Visual Studio Version 16
VisualStudioVersion = 16.0.28729.10
MinimumVisualStudioVersion = 10.0.40219.1
Project("{FAE04EC0-301F-11D3-BF4B-00C04F79EFBC}") = "AcmeSacAS2020.Core", "AcmeSacAS2020.Core\AcmeSacAS2020.Core.csproj", "{11D7693F-C6E6-45C6-805D-12A3E17EAF18}"
EndProject
Project("{FAE04EC0-301F-11D3-BF4B-00C04F79EFBC}") = "AcmeSacAS2020.Infraestructura", "AcmeSacAS2020.Infraestructura\AcmeSacAS2020.Infraestructura.csproj", "{A6F40AC4-90BB-44C0-A34D-F09B26302FDD}"
EndProject
Project("{FAE04EC0-301F-11D3-BF4B-00C04F79EFBC}") = "AcmeSacAS2020.DesktopUI", "AcmeSacAS2020.DesktopUI\AcmeSacAS2020.DesktopUI.csproj", "{6810A214-9EBF-4713-B2BD-958D96BD0669}"
EndProject
Global
	GlobalSection(SolutionConfigurationPlatforms) = preSolution
		Debug|Any CPU = Debug|Any CPU
		Release|Any CPU = Release|Any CPU
	EndGlobalSection
	GlobalSection(ProjectConfigurationPlatforms) = postSolution
		{11D7693F-C6E6-45C6-805D-12A3E17EAF18}.Debug|Any CPU.ActiveCfg = Debug|Any CPU
		{11D7693F-C6E6-45C6-805D-12A3E17EAF18}.Debug|Any CPU.Build.0 = Debug|Any CPU
		{11D7693F-C6E6-45C6-805D-12A3E17EAF18}.Release|Any CPU.ActiveCfg = Release|Any CPU
		{11D7693F-C6E6-45C6-805D-12A3E17EAF18}.Release|Any CPU.Build.0 = Release|Any CPU
		{A6F40AC4-90BB-44C0-A34D-F09B26302FDD}.Debug|Any CPU.ActiveCfg = Debug|Any CPU
		{A6F40AC4-90BB-44C0-A34D-F09B26302FDD}.Debug|Any CPU.Build.0 = Debug|Any CPU
		{A6F40AC4-90BB-44C0-A34D-F09B26302FDD}.Release|Any CPU.ActiveCfg = Release|Any CPU
		{A6F40AC4-90BB-44C0-A34D-F09B26302FDD}.Release|Any CPU.Build.0 = Release|Any CPU
		{6810A214-9EBF-4713-B2BD-958D96BD0669}.Debug|Any CPU.ActiveCfg = Debug|Any CPU
		{6810A214-9EBF-4713-B2BD-958D96BD0669}.Debug|Any CPU.Build.0 = Debug|Any CPU
		{6810A214-9EBF-4713-B2BD-958D96BD0669}.Release|Any CPU.ActiveCfg = Release|Any CPU
		{6810A214-9EBF-4713-B2BD-958D96BD0669}.Release|Any CPU.Build.0 = Release|Any CPU
	EndGlobalSection
	GlobalSection(SolutionProperties) = preSolution
		HideSolutionNode = FALSE
	EndGlobalSection
	GlobalSection(ExtensibilityGlobals) = postSolution
		SolutionGuid = {13BCD7E5-D6F5-441A-85B3-7BE159600277}
	EndGlobalSection
EndGlobal
